
Microsoft Visual Studio Solution File, Format Version 12.00
# Visual Studio Version 17
VisualStudioVersion = 17.5.33530.505
MinimumVisualStudioVersion = 10.0.40219.1
Project("{FAE04EC0-301F-11D3-BF4B-00C04F79EFBC}") = "ContostoCrafts.WebSite", "ContostoCrafts.WebSite\ContostoCrafts.WebSite.csproj", "{CE946862-A622-4654-9403-4C61CB26889A}"
EndProject
Global
	GlobalSection(SolutionConfigurationPlatforms) = preSolution
		Debug|Any CPU = Debug|Any CPU
		Release|Any CPU = Release|Any CPU
	EndGlobalSection
	GlobalSection(ProjectConfigurationPlatforms) = postSolution
		{CE946862-A622-4654-9403-4C61CB26889A}.Debug|Any CPU.ActiveCfg = Debug|Any CPU
		{CE946862-A622-4654-9403-4C61CB26889A}.Debug|Any CPU.Build.0 = Debug|Any CPU
		{CE946862-A622-4654-9403-4C61CB26889A}.Release|Any CPU.ActiveCfg = Release|Any CPU
		{CE946862-A622-4654-9403-4C61CB26889A}.Release|Any CPU.Build.0 = Release|Any CPU
	EndGlobalSection
	GlobalSection(SolutionProperties) = preSolution
		HideSolutionNode = FALSE
	EndGlobalSection
	GlobalSection(ExtensibilityGlobals) = postSolution
		SolutionGuid = {56F04B0D-65C1-4288-8653-0053A52EB98E}
	EndGlobalSection
EndGlobal
